
Microsoft Visual Studio Solution File, Format Version 12.00
# Visual Studio Version 17
VisualStudioVersion = 17.11.35222.181
MinimumVisualStudioVersion = 10.0.40219.1
Project("{FAE04EC0-301F-11D3-BF4B-00C04F79EFBC}") = "Ovning 1av4", "Ovning 1av4\Ovning 1av4.csproj", "{4610A876-5EE5-4A6E-AD34-0C4B9DFE5A04}"
EndProject
Global
	GlobalSection(SolutionConfigurationPlatforms) = preSolution
		Debug|Any CPU = Debug|Any CPU
		Release|Any CPU = Release|Any CPU
	EndGlobalSection
	GlobalSection(ProjectConfigurationPlatforms) = postSolution
		{4610A876-5EE5-4A6E-AD34-0C4B9DFE5A04}.Debug|Any CPU.ActiveCfg = Debug|Any CPU
		{4610A876-5EE5-4A6E-AD34-0C4B9DFE5A04}.Debug|Any CPU.Build.0 = Debug|Any CPU
		{4610A876-5EE5-4A6E-AD34-0C4B9DFE5A04}.Release|Any CPU.ActiveCfg = Release|Any CPU
		{4610A876-5EE5-4A6E-AD34-0C4B9DFE5A04}.Release|Any CPU.Build.0 = Release|Any CPU
	EndGlobalSection
	GlobalSection(SolutionProperties) = preSolution
		HideSolutionNode = FALSE
	EndGlobalSection
	GlobalSection(ExtensibilityGlobals) = postSolution
		SolutionGuid = {2F5D2B8D-400F-4186-9E9D-CB6D8C494808}
	EndGlobalSection
EndGlobal
